
Microsoft Visual Studio Solution File, Format Version 12.00
# Visual Studio Version 17
VisualStudioVersion = 17.0.31903.59
MinimumVisualStudioVersion = 10.0.40219.1
Project("{2150E333-8FDC-42A3-9474-1A3956D46DE8}") = "backend", "backend", "{1AE8ACA6-933B-BF2A-3671-3E2EAC007D16}"
EndProject
Project("{FAE04EC0-301F-11D3-BF4B-00C04F79EFBC}") = "FinanceHubAI.Api", "backend\FinanceHubAI.Api\FinanceHubAI.Api.csproj", "{E319AA6A-7895-4E33-822A-70A4A06CE55C}"
EndProject
Project("{FAE04EC0-301F-11D3-BF4B-00C04F79EFBC}") = "FinanceHubAI.Domain", "backend\FinanceHubAI.Domain\FinanceHubAI.Domain.csproj", "{8DAE857A-31D4-4B3A-AF41-31B7A86B821A}"
EndProject
Project("{FAE04EC0-301F-11D3-BF4B-00C04F79EFBC}") = "FinanceHubAI.Application", "backend\FinanceHubAI.Application\FinanceHubAI.Application.csproj", "{90BBB158-0B50-4D98-8B7B-F782C28B36AC}"
EndProject
Project("{FAE04EC0-301F-11D3-BF4B-00C04F79EFBC}") = "FinanceHubAI.Infrastructure", "backend\FinanceHubAI.Infrastructure\FinanceHubAI.Infrastructure.csproj", "{417B6860-DB0E-4507-8877-4E764F5C9180}"
EndProject
Project("{FAE04EC0-301F-11D3-BF4B-00C04F79EFBC}") = "FinanceHubAI.Tests", "backend\FinanceHubAI.Tests\FinanceHubAI.Tests.csproj", "{07075C81-1343-4569-866D-3A8AEE767D5A}"
EndProject
Global
	GlobalSection(SolutionConfigurationPlatforms) = preSolution
		Debug|Any CPU = Debug|Any CPU
		Debug|x64 = Debug|x64
		Debug|x86 = Debug|x86
		Release|Any CPU = Release|Any CPU
		Release|x64 = Release|x64
		Release|x86 = Release|x86
	EndGlobalSection
	GlobalSection(ProjectConfigurationPlatforms) = postSolution
		{E319AA6A-7895-4E33-822A-70A4A06CE55C}.Debug|Any CPU.ActiveCfg = Debug|Any CPU
		{E319AA6A-7895-4E33-822A-70A4A06CE55C}.Debug|Any CPU.Build.0 = Debug|Any CPU
		{E319AA6A-7895-4E33-822A-70A4A06CE55C}.Debug|x64.ActiveCfg = Debug|Any CPU
		{E319AA6A-7895-4E33-822A-70A4A06CE55C}.Debug|x64.Build.0 = Debug|Any CPU
		{E319AA6A-7895-4E33-822A-70A4A06CE55C}.Debug|x86.ActiveCfg = Debug|Any CPU
		{E319AA6A-7895-4E33-822A-70A4A06CE55C}.Debug|x86.Build.0 = Debug|Any CPU
		{E319AA6A-7895-4E33-822A-70A4A06CE55C}.Release|Any CPU.ActiveCfg = Release|Any CPU
		{E319AA6A-7895-4E33-822A-70A4A06CE55C}.Release|Any CPU.Build.0 = Release|Any CPU
		{E319AA6A-7895-4E33-822A-70A4A06CE55C}.Release|x64.ActiveCfg = Release|Any CPU
		{E319AA6A-7895-4E33-822A-70A4A06CE55C}.Release|x64.Build.0 = Release|Any CPU
		{E319AA6A-7895-4E33-822A-70A4A06CE55C}.Release|x86.ActiveCfg = Release|Any CPU
		{E319AA6A-7895-4E33-822A-70A4A06CE55C}.Release|x86.Build.0 = Release|Any CPU
		{8DAE857A-31D4-4B3A-AF41-31B7A86B821A}.Debug|Any CPU.ActiveCfg = Debug|Any CPU
		{8DAE857A-31D4-4B3A-AF41-31B7A86B821A}.Debug|Any CPU.Build.0 = Debug|Any CPU
		{8DAE857A-31D4-4B3A-AF41-31B7A86B821A}.Debug|x64.ActiveCfg = Debug|Any CPU
		{8DAE857A-31D4-4B3A-AF41-31B7A86B821A}.Debug|x64.Build.0 = Debug|Any CPU
		{8DAE857A-31D4-4B3A-AF41-31B7A86B821A}.Debug|x86.ActiveCfg = Debug|Any CPU
		{8DAE857A-31D4-4B3A-AF41-31B7A86B821A}.Debug|x86.Build.0 = Debug|Any CPU
		{8DAE857A-31D4-4B3A-AF41-31B7A86B821A}.Release|Any CPU.ActiveCfg = Release|Any CPU
		{8DAE857A-31D4-4B3A-AF41-31B7A86B821A}.Release|Any CPU.Build.0 = Release|Any CPU
		{8DAE857A-31D4-4B3A-AF41-31B7A86B821A}.Release|x64.ActiveCfg = Release|Any CPU
		{8DAE857A-31D4-4B3A-AF41-31B7A86B821A}.Release|x64.Build.0 = Release|Any CPU
		{8DAE857A-31D4-4B3A-AF41-31B7A86B821A}.Release|x86.ActiveCfg = Release|Any CPU
		{8DAE857A-31D4-4B3A-AF41-31B7A86B821A}.Release|x86.Build.0 = Release|Any CPU
		{90BBB158-0B50-4D98-8B7B-F782C28B36AC}.Debug|Any CPU.ActiveCfg = Debug|Any CPU
		{90BBB158-0B50-4D98-8B7B-F782C28B36AC}.Debug|Any CPU.Build.0 = Debug|Any CPU
		{90BBB158-0B50-4D98-8B7B-F782C28B36AC}.Debug|x64.ActiveCfg = Debug|Any CPU
		{90BBB158-0B50-4D98-8B7B-F782C28B36AC}.Debug|x64.Build.0 = Debug|Any CPU
		{90BBB158-0B50-4D98-8B7B-F782C28B36AC}.Debug|x86.ActiveCfg = Debug|Any CPU
		{90BBB158-0B50-4D98-8B7B-F782C28B36AC}.Debug|x86.Build.0 = Debug|Any CPU
		{90BBB158-0B50-4D98-8B7B-F782C28B36AC}.Release|Any CPU.ActiveCfg = Release|Any CPU
		{90BBB158-0B50-4D98-8B7B-F782C28B36AC}.Release|Any CPU.Build.0 = Release|Any CPU
		{90BBB158-0B50-4D98-8B7B-F782C28B36AC}.Release|x64.ActiveCfg = Release|Any CPU
		{90BBB158-0B50-4D98-8B7B-F782C28B36AC}.Release|x64.Build.0 = Release|Any CPU
		{90BBB158-0B50-4D98-8B7B-F782C28B36AC}.Release|x86.ActiveCfg = Release|Any CPU
		{90BBB158-0B50-4D98-8B7B-F782C28B36AC}.Release|x86.Build.0 = Release|Any CPU
		{417B6860-DB0E-4507-8877-4E764F5C9180}.Debug|Any CPU.ActiveCfg = Debug|Any CPU
		{417B6860-DB0E-4507-8877-4E764F5C9180}.Debug|Any CPU.Build.0 = Debug|Any CPU
		{417B6860-DB0E-4507-8877-4E764F5C9180}.Debug|x64.ActiveCfg = Debug|Any CPU
		{417B6860-DB0E-4507-8877-4E764F5C9180}.Debug|x64.Build.0 = Debug|Any CPU
		{417B6860-DB0E-4507-8877-4E764F5C9180}.Debug|x86.ActiveCfg = Debug|Any CPU
		{417B6860-DB0E-4507-8877-4E764F5C9180}.Debug|x86.Build.0 = Debug|Any CPU
		{417B6860-DB0E-4507-8877-4E764F5C9180}.Release|Any CPU.ActiveCfg = Release|Any CPU
		{417B6860-DB0E-4507-8877-4E764F5C9180}.Release|Any CPU.Build.0 = Release|Any CPU
		{417B6860-DB0E-4507-8877-4E764F5C9180}.Release|x64.ActiveCfg = Release|Any CPU
		{417B6860-DB0E-4507-8877-4E764F5C9180}.Release|x64.Build.0 = Release|Any CPU
		{417B6860-DB0E-4507-8877-4E764F5C9180}.Release|x86.ActiveCfg = Release|Any CPU
		{417B6860-DB0E-4507-8877-4E764F5C9180}.Release|x86.Build.0 = Release|Any CPU
		{07075C81-1343-4569-866D-3A8AEE767D5A}.Debug|Any CPU.ActiveCfg = Debug|Any CPU
		{07075C81-1343-4569-866D-3A8AEE767D5A}.Debug|Any CPU.Build.0 = Debug|Any CPU
		{07075C81-1343-4569-866D-3A8AEE767D5A}.Debug|x64.ActiveCfg = Debug|Any CPU
		{07075C81-1343-4569-866D-3A8AEE767D5A}.Debug|x64.Build.0 = Debug|Any CPU
		{07075C81-1343-4569-866D-3A8AEE767D5A}.Debug|x86.ActiveCfg = Debug|Any CPU
		{07075C81-1343-4569-866D-3A8AEE767D5A}.Debug|x86.Build.0 = Debug|Any CPU
		{07075C81-1343-4569-866D-3A8AEE767D5A}.Release|Any CPU.ActiveCfg = Release|Any CPU
		{07075C81-1343-4569-866D-3A8AEE767D5A}.Release|Any CPU.Build.0 = Release|Any CPU
		{07075C81-1343-4569-866D-3A8AEE767D5A}.Release|x64.ActiveCfg = Release|Any CPU
		{07075C81-1343-4569-866D-3A8AEE767D5A}.Release|x64.Build.0 = Release|Any CPU
		{07075C81-1343-4569-866D-3A8AEE767D5A}.Release|x86.ActiveCfg = Release|Any CPU
		{07075C81-1343-4569-866D-3A8AEE767D5A}.Release|x86.Build.0 = Release|Any CPU
	EndGlobalSection
	GlobalSection(SolutionProperties) = preSolution
		HideSolutionNode = FALSE
	EndGlobalSection
	GlobalSection(NestedProjects) = preSolution
		{E319AA6A-7895-4E33-822A-70A4A06CE55C} = {1AE8ACA6-933B-BF2A-3671-3E2EAC007D16}
		{8DAE857A-31D4-4B3A-AF41-31B7A86B821A} = {1AE8ACA6-933B-BF2A-3671-3E2EAC007D16}
		{90BBB158-0B50-4D98-8B7B-F782C28B36AC} = {1AE8ACA6-933B-BF2A-3671-3E2EAC007D16}
		{417B6860-DB0E-4507-8877-4E764F5C9180} = {1AE8ACA6-933B-BF2A-3671-3E2EAC007D16}
		{07075C81-1343-4569-866D-3A8AEE767D5A} = {1AE8ACA6-933B-BF2A-3671-3E2EAC007D16}
	EndGlobalSection
EndGlobal
